langcode: en
status: true
dependencies:
  module:
    - degov_social_media_youtube
    - system
  theme:
    - degov_theme
id: youtubefeedblock
theme: degov_theme
region: content
weight: 7
provider: null
plugin: degov_social_media_youtube
settings:
  id: degov_social_media_youtube
  label: 'Teaser social media'
  provider: degov_social_media_youtube
  label_display: visible
visibility:
  request_path:
    id: request_path
    pages: '<front>'
    negate: false
    context_mapping: {  }
