langcode: de
status: true
dependencies:
  module:
    - degov_social_media_settings
  enforced:
    module:
      - degov_social_media_settings
  theme:
    - degov_theme
id: socialmediasettingsblock
theme: degov_theme
region: top_header
weight: 1
provider: null
plugin: social_media_settings_block
settings:
  id: social_media_settings_block
  label: 'Social media settings block'
  provider: degov_social_media_settings
  label_display: '0'
visibility: {  }
